
Microsoft Visual Studio Solution File, Format Version 11.00
# Visual Studio 2010
Project("{FAE04EC0-301F-11D3-BF4B-00C04F79EFBC}") = "CompSciClubFall2018", "Assembly-CSharp.csproj", "{A20E7778-CAD3-A350-DD95-B7DF70E65C43}"
EndProject
Global
	GlobalSection(SolutionConfigurationPlatforms) = preSolution
		Debug|Any CPU = Debug|Any CPU
		Release|Any CPU = Release|Any CPU
	EndGlobalSection
	GlobalSection(ProjectConfigurationPlatforms) = postSolution
		{A20E7778-CAD3-A350-DD95-B7DF70E65C43}.Debug|Any CPU.ActiveCfg = Debug|Any CPU
		{A20E7778-CAD3-A350-DD95-B7DF70E65C43}.Debug|Any CPU.Build.0 = Debug|Any CPU
		{A20E7778-CAD3-A350-DD95-B7DF70E65C43}.Release|Any CPU.ActiveCfg = Release|Any CPU
		{A20E7778-CAD3-A350-DD95-B7DF70E65C43}.Release|Any CPU.Build.0 = Release|Any CPU
	EndGlobalSection
	GlobalSection(SolutionProperties) = preSolution
		HideSolutionNode = FALSE
	EndGlobalSection
	GlobalSection(MonoDevelopProperties) = preSolution
		StartupItem = Assembly-CSharp.csproj
	EndGlobalSection
EndGlobal
